// !$*UTF8*$!
{
	archiveVersion = 1;
	classes = {
	};
	objectVersion = 77;
	objects = {

/* Begin PBXContainerItemProxy section */
		2E81D6202D4D8DCC0057E802 /* PBXContainerItemProxy */ = {
			isa = PBXContainerItemProxy;
			containerPortal = 2E81D6012D4D8DCA0057E802 /* Project object */;
			proxyType = 1;
			remoteGlobalIDString = 2E81D6082D4D8DCA0057E802;
			remoteInfo = iAmVegan;
		};
		2E81D62A2D4D8DCC0057E802 /* PBXContainerItemProxy */ = {
			isa = PBXContainerItemProxy;
			containerPortal = 2E81D6012D4D8DCA0057E802 /* Project object */;
			proxyType = 1;
			remoteGlobalIDString = 2E81D6082D4D8DCA0057E802;
			remoteInfo = iAmVegan;
		};
/* End PBXContainerItemProxy section */

/* Begin PBXFileReference section */
		2E81D6092D4D8DCA0057E802 /* iAmVegan.app */ = {isa = PBXFileReference; explicitFileType = wrapper.application; includeInIndex = 0; path = iAmVegan.app; sourceTree = BUILT_PRODUCTS_DIR; };
		2E81D61F2D4D8DCC0057E802 /* iAmVeganTests.xctest */ = {isa = PBXFileReference; explicitFileType = wrapper.cfbundle; includeInIndex = 0; path = iAmVeganTests.xctest; sourceTree = BUILT_PRODUCTS_DIR; };
		2E81D6292D4D8DCC0057E802 /* iAmVeganUITests.xctest */ = {isa = PBXFileReference; explicitFileType = wrapper.cfbundle; includeInIndex = 0; path = iAmVeganUITests.xctest; sourceTree = BUILT_PRODUCTS_DIR; };
/* End PBXFileReference section */

/* Begin PBXFileSystemSynchronizedBuildFileExceptionSet section */
		2E81D6312D4D8DCC0057E802 /* Exceptions for "iAmVegan" folder in "iAmVegan" target */ = {
			isa = PBXFileSystemSynchronizedBuildFileExceptionSet;
			membershipExceptions = (
				Info.plist,
			);
			target = 2E81D6082D4D8DCA0057E802 /* iAmVegan */;
		};
/* End PBXFileSystemSynchronizedBuildFileExceptionSet section */

/* Begin PBXFileSystemSynchronizedRootGroup section */
		2E81D60B2D4D8DCA0057E802 /* iAmVegan */ = {
			isa = PBXFileSystemSynchronizedRootGroup;
			exceptions = (
				2E81D6312D4D8DCC0057E802 /* Exceptions for "iAmVegan" folder in "iAmVegan" target */,
			);
			path = iAmVegan;
			sourceTree = "<group>";
		};
		2E81D6222D4D8DCC0057E802 /* iAmVeganTests */ = {
			isa = PBXFileSystemSynchronizedRootGroup;
			path = iAmVeganTests;
			sourceTree = "<group>";
		};
		2E81D62C2D4D8DCC0057E802 /* iAmVeganUITests */ = {
			isa = PBXFileSystemSynchronizedRootGroup;
			path = iAmVeganUITests;
			sourceTree = "<group>";
		};
/* End PBXFileSystemSynchronizedRootGroup section */

/* Begin PBXFrameworksBuildPhase section */
		2E81D6062D4D8DCA0057E802 /* Frameworks */ = {
			isa = PBXFrameworksBuildPhase;
			buildActionMask = 2147483647;
			files = (
			);
			runOnlyForDeploymentPostprocessing = 0;
		};
		2E81D61C2D4D8DCC0057E802 /* Frameworks */ = {
			isa = PBXFrameworksBuildPhase;
			buildActionMask = 2147483647;
			files = (
			);
			runOnlyForDeploymentPostprocessing = 0;
		};
		2E81D6262D4D8DCC0057E802 /* Frameworks */ = {
			isa = PBXFrameworksBuildPhase;
			buildActionMask = 2147483647;
			files = (
			);
			runOnlyForDeploymentPostprocessing = 0;
		};
/* End PBXFrameworksBuildPhase section */

/* Begin PBXGroup section */
		2E81D6002D4D8DCA0057E802 = {
			isa = PBXGroup;
			children = (
				2E81D60B2D4D8DCA0057E802 /* iAmVegan */,
				2E81D6222D4D8DCC0057E802 /* iAmVeganTests */,
				2E81D62C2D4D8DCC0057E802 /* iAmVeganUITests */,
				2E81D60A2D4D8DCA0057E802 /* Products */,
			);
			sourceTree = "<group>";
		};
		2E81D60A2D4D8DCA0057E802 /* Products */ = {
			isa = PBXGroup;
			children = (
				2E81D6092D4D8DCA0057E802 /* iAmVegan.app */,
				2E81D61F2D4D8DCC0057E802 /* iAmVeganTests.xctest */,
				2E81D6292D4D8DCC0057E802 /* iAmVeganUITests.xctest */,
			);
			name = Products;
			sourceTree = "<group>";
		};
/* End PBXGroup section */

/* Begin PBXNativeTarget section */
		2E81D6082D4D8DCA0057E802 /* iAmVegan */ = {
			isa = PBXNativeTarget;
			buildConfigurationList = 2E81D6322D4D8DCC0057E802 /* Build configuration list for PBXNativeTarget "iAmVegan" */;
			buildPhases = (
				2E81D6052D4D8DCA0057E802 /* Sources */,
				2E81D6062D4D8DCA0057E802 /* Frameworks */,
				2E81D6072D4D8DCA0057E802 /* Resources */,
			);
			buildRules = (
			);
			dependencies = (
			);
			fileSystemSynchronizedGroups = (
				2E81D60B2D4D8DCA0057E802 /* iAmVegan */,
			);
			name = iAmVegan;
			packageProductDependencies = (
			);
			productName = iAmVegan;
			productReference = 2E81D6092D4D8DCA0057E802 /* iAmVegan.app */;
			productType = "com.apple.product-type.application";
		};
		2E81D61E2D4D8DCC0057E802 /* iAmVeganTests */ = {
			isa = PBXNativeTarget;
			buildConfigurationList = 2E81D6372D4D8DCC0057E802 /* Build configuration list for PBXNativeTarget "iAmVeganTests" */;
			buildPhases = (
				2E81D61B2D4D8DCC0057E802 /* Sources */,
				2E81D61C2D4D8DCC0057E802 /* Frameworks */,
				2E81D61D2D4D8DCC0057E802 /* Resources */,
			);
			buildRules = (
			);
			dependencies = (
				2E81D6212D4D8DCC0057E802 /* PBXTargetDependency */,
			);
			fileSystemSynchronizedGroups = (
				2E81D6222D4D8DCC0057E802 /* iAmVeganTests */,
			);
			name = iAmVeganTests;
			packageProductDependencies = (
			);
			productName = iAmVeganTests;
			productReference = 2E81D61F2D4D8DCC0057E802 /* iAmVeganTests.xctest */;
			productType = "com.apple.product-type.bundle.unit-test";
		};
		2E81D6282D4D8DCC0057E802 /* iAmVeganUITests */ = {
			isa = PBXNativeTarget;
			buildConfigurationList = 2E81D63A2D4D8DCC0057E802 /* Build configuration list for PBXNativeTarget "iAmVeganUITests" */;
			buildPhases = (
				2E81D6252D4D8DCC0057E802 /* Sources */,
				2E81D6262D4D8DCC0057E802 /* Frameworks */,
				2E81D6272D4D8DCC0057E802 /* Resources */,
			);
			buildRules = (
			);
			dependencies = (
				2E81D62B2D4D8DCC0057E802 /* PBXTargetDependency */,
			);
			fileSystemSynchronizedGroups = (
				2E81D62C2D4D8DCC0057E802 /* iAmVeganUITests */,
			);
			name = iAmVeganUITests;
			packageProductDependencies = (
			);
			productName = iAmVeganUITests;
			productReference = 2E81D6292D4D8DCC0057E802 /* iAmVeganUITests.xctest */;
			productType = "com.apple.product-type.bundle.ui-testing";
		};
/* End PBXNativeTarget section */

/* Begin PBXProject section */
		2E81D6012D4D8DCA0057E802 /* Project object */ = {
			isa = PBXProject;
			attributes = {
				BuildIndependentTargetsInParallel = 1;
				LastSwiftUpdateCheck = 1620;
				LastUpgradeCheck = 1620;
				TargetAttributes = {
					2E81D6082D4D8DCA0057E802 = {
						CreatedOnToolsVersion = 16.2;
					};
					2E81D61E2D4D8DCC0057E802 = {
						CreatedOnToolsVersion = 16.2;
						TestTargetID = 2E81D6082D4D8DCA0057E802;
					};
					2E81D6282D4D8DCC0057E802 = {
						CreatedOnToolsVersion = 16.2;
						TestTargetID = 2E81D6082D4D8DCA0057E802;
					};
				};
			};
			buildConfigurationList = 2E81D6042D4D8DCA0057E802 /* Build configuration list for PBXProject "iAmVegan" */;
			developmentRegion = en;
			hasScannedForEncodings = 0;
			knownRegions = (
				en,
				Base,
			);
			mainGroup = 2E81D6002D4D8DCA0057E802;
			minimizedProjectReferenceProxies = 1;
			preferredProjectObjectVersion = 77;
			productRefGroup = 2E81D60A2D4D8DCA0057E802 /* Products */;
			projectDirPath = "";
			projectRoot = "";
			targets = (
				2E81D6082D4D8DCA0057E802 /* iAmVegan */,
				2E81D61E2D4D8DCC0057E802 /* iAmVeganTests */,
				2E81D6282D4D8DCC0057E802 /* iAmVeganUITests */,
			);
		};
/* End PBXProject section */

/* Begin PBXResourcesBuildPhase section */
		2E81D6072D4D8DCA0057E802 /* Resources */ = {
			isa = PBXResourcesBuildPhase;
			buildActionMask = 2147483647;
			files = (
			);
			runOnlyForDeploymentPostprocessing = 0;
		};
		2E81D61D2D4D8DCC0057E802 /* Resources */ = {
			isa = PBXResourcesBuildPhase;
			buildActionMask = 2147483647;
			files = (
			);
			runOnlyForDeploymentPostprocessing = 0;
		};
		2E81D6272D4D8DCC0057E802 /* Resources */ = {
			isa = PBXResourcesBuildPhase;
			buildActionMask = 2147483647;
			files = (
			);
			runOnlyForDeploymentPostprocessing = 0;
		};
/* End PBXResourcesBuildPhase section */

/* Begin PBXSourcesBuildPhase section */
		2E81D6052D4D8DCA0057E802 /* Sources */ = {
			isa = PBXSourcesBuildPhase;
			buildActionMask = 2147483647;
			files = (
			);
			runOnlyForDeploymentPostprocessing = 0;
		};
		2E81D61B2D4D8DCC0057E802 /* Sources */ = {
			isa = PBXSourcesBuildPhase;
			buildActionMask = 2147483647;
			files = (
			);
			runOnlyForDeploymentPostprocessing = 0;
		};
		2E81D6252D4D8DCC0057E802 /* Sources */ = {
			isa = PBXSourcesBuildPhase;
			buildActionMask = 2147483647;
			files = (
			);
			runOnlyForDeploymentPostprocessing = 0;
		};
/* End PBXSourcesBuildPhase section */

/* Begin PBXTargetDependency section */
		2E81D6212D4D8DCC0057E802 /* PBXTargetDependency */ = {
			isa = PBXTargetDependency;
			target = 2E81D6082D4D8DCA0057E802 /* iAmVegan */;
			targetProxy = 2E81D6202D4D8DCC0057E802 /* PBXContainerItemProxy */;
		};
		2E81D62B2D4D8DCC0057E802 /* PBXTargetDependency */ = {
			isa = PBXTargetDependency;
			target = 2E81D6082D4D8DCA0057E802 /* iAmVegan */;
			targetProxy = 2E81D62A2D4D8DCC0057E802 /* PBXContainerItemProxy */;
		};
/* End PBXTargetDependency section */

/* Begin XCBuildConfiguration section */
		2E81D6332D4D8DCC0057E802 /* Debug */ = {
			isa = XCBuildConfiguration;
			buildSettings = {
				ASSETCATALOG_COMPILER_APPICON_NAME = AppIcon;
				ASSETCATALOG_COMPILER_GLOBAL_ACCENT_COLOR_NAME = AccentColor;
				CODE_SIGN_STYLE = Automatic;
				CURRENT_PROJECT_VERSION = 1;
				GENERATE_INFOPLIST_FILE = YES;
				INFOPLIST_FILE = iAmVegan/Info.plist;
				INFOPLIST_KEY_UIApplicationSupportsIndirectInputEvents = YES;
				INFOPLIST_KEY_UILaunchStoryboardName = LaunchScreen;
				INFOPLIST_KEY_UIMainStoryboardFile = Main;
				INFOPLIST_KEY_UISupportedInterfaceOrientations_iPad = "UIInterfaceOrientationPortrait UIInterfaceOrientationPortraitUpsideDown UIInterfaceOrientationLandscapeLeft UIInterfaceOrientationLandscapeRight";
				INFOPLIST_KEY_UISupportedInterfaceOrientations_iPhone = "UIInterfaceOrientationPortrait UIInterfaceOrientationLandscapeLeft UIInterfaceOrientationLandscapeRight";
				LD_RUNPATH_SEARCH_PATHS = (
					"$(inherited)",
					"@executable_path/Frameworks",
				);
				MARKETING_VERSION = 1.0;
				PRODUCT_BUNDLE_IDENTIFIER = com.zepyoorkhechadoorian.iAmVegan;
				PRODUCT_NAME = "$(TARGET_NAME)";
				SWIFT_EMIT_LOC_STRINGS = YES;
				SWIFT_VERSION = 5.0;
				TARGETED_DEVICE_FAMILY = "1,2";
			};
			name = Debug;
		};
		2E81D6342D4D8DCC0057E802 /* Release */ = {
			isa = XCBuildConfiguration;
			buildSettings = {
				ASSETCATALOG_COMPILER_APPICON_NAME = AppIcon;
				ASSETCATALOG_COMPILER_GLOBAL_ACCENT_COLOR_NAME = AccentColor;
				CODE_SIGN_STYLE = Automatic;
				CURRENT_PROJECT_VERSION = 1;
				GENERATE_INFOPLIST_FILE = YES;
				INFOPLIST_FILE = iAmVegan/Info.plist;
				INFOPLIST_KEY_UIApplicationSupportsIndirectInputEvents = YES;
				INFOPLIST_KEY_UILaunchStoryboardName = LaunchScreen;
				INFOPLIST_KEY_UIMainStoryboardFile = Main;
				INFOPLIST_KEY_UISupportedInterfaceOrientations_iPad = "UIInterfaceOrientationPortrait UIInterfaceOrientationPortraitUpsideDown UIInterfaceOrientationLandscapeLeft UIInterfaceOrientationLandscapeRight";
				INFOPLIST_KEY_UISupportedInterfaceOrientations_iPhone = "UIInterfaceOrientationPortrait UIInterfaceOrientationLandscapeLeft UIInterfaceOrientationLandscapeRight";
				LD_RUNPATH_SEARCH_PATHS = (
					"$(inherited)",
					"@executable_path/Frameworks",
				);
				MARKETING_VERSION = 1.0;
				PRODUCT_BUNDLE_IDENTIFIER = com.zepyoorkhechadoorian.iAmVegan;
				PRODUCT_NAME = "$(TARGET_NAME)";
				SWIFT_EMIT_LOC_STRINGS = YES;
				SWIFT_VERSION = 5.0;
				TARGETED_DEVICE_FAMILY = "1,2";
			};
			name = Release;
		};
		2E81D6352D4D8DCC0057E802 /* Debug */ = {
			isa = XCBuildConfiguration;
			buildSettings = {
				ALWAYS_SEARCH_USER_PATHS = NO;
				ASSETCATALOG_COMPILER_GENERATE_SWIFT_ASSET_SYMBOL_EXTENSIONS = YES;
				CLANG_ANALYZER_NONNULL = YES;
				CLANG_ANALYZER_NUMBER_OBJECT_CONVERSION = YES_AGGRESSIVE;
				CLANG_CXX_LANGUAGE_STANDARD = "gnu++20";
				CLANG_ENABLE_MODULES = YES;
				CLANG_ENABLE_OBJC_ARC = YES;
				CLANG_ENABLE_OBJC_WEAK = YES;
				CLANG_WARN_BLOCK_CAPTURE_AUTORELEASING = YES;
				CLANG_WARN_BOOL_CONVERSION = YES;
				CLANG_WARN_COMMA = YES;
				CLANG_WARN_CONSTANT_CONVERSION = YES;
				CLANG_WARN_DEPRECATED_OBJC_IMPLEMENTATIONS = YES;
				CLANG_WARN_DIRECT_OBJC_ISA_USAGE = YES_ERROR;
				CLANG_WARN_DOCUMENTATION_COMMENTS = YES;
				CLANG_WARN_EMPTY_BODY = YES;
				CLANG_WARN_ENUM_CONVERSION = YES;
				CLANG_WARN_INFINITE_RECURSION = YES;
				CLANG_WARN_INT_CONVERSION = YES;
				CLANG_WARN_NON_LITERAL_NULL_CONVERSION = YES;
				CLANG_WARN_OBJC_IMPLICIT_RETAIN_SELF = YES;
				CLANG_WARN_OBJC_LITERAL_CONVERSION = YES;
				CLANG_WARN_OBJC_ROOT_CLASS = YES_ERROR;
				CLANG_WARN_QUOTED_INCLUDE_IN_FRAMEWORK_HEADER = YES;
				CLANG_WARN_RANGE_LOOP_ANALYSIS = YES;
				CLANG_WARN_STRICT_PROTOTYPES = YES;
				CLANG_WARN_SUSPICIOUS_MOVE = YES;
				CLANG_WARN_UNGUARDED_AVAILABILITY = YES_AGGRESSIVE;
				CLANG_WARN_UNREACHABLE_CODE = YES;
				CLANG_WARN__DUPLICATE_METHOD_MATCH = YES;
				COPY_PHASE_STRIP = NO;
				DEBUG_INFORMATION_FORMAT = dwarf;
				ENABLE_STRICT_OBJC_MSGSEND = YES;
				ENABLE_TESTABILITY = YES;
				ENABLE_USER_SCRIPT_SANDBOXING = YES;
				GCC_C_LANGUAGE_STANDARD = gnu17;
				GCC_DYNAMIC_NO_PIC = NO;
				GCC_NO_COMMON_BLOCKS = YES;
				GCC_OPTIMIZATION_LEVEL = 0;
				GCC_PREPROCESSOR_DEFINITIONS = (
					"DEBUG=1",
					"$(inherited)",
				);
				GCC_WARN_64_TO_32_BIT_CONVERSION = YES;
				GCC_WARN_ABOUT_RETURN_TYPE = YES_ERROR;
				GCC_WARN_UNDECLARED_SELECTOR = YES;
				GCC_WARN_UNINITIALIZED_AUTOS = YES_AGGRESSIVE;
				GCC_WARN_UNUSED_FUNCTION = YES;
				GCC_WARN_UNUSED_VARIABLE = YES;
				IPHONEOS_DEPLOYMENT_TARGET = 18.2;
				LOCALIZATION_PREFERS_STRING_CATALOGS = YES;
				MTL_ENABLE_DEBUG_INFO = INCLUDE_SOURCE;
				MTL_FAST_MATH = YES;
				ONLY_ACTIVE_ARCH = YES;
				SDKROOT = iphoneos;
				SWIFT_ACTIVE_COMPILATION_CONDITIONS = "DEBUG $(inherited)";
				SWIFT_OPTIMIZATION_LEVEL = "-Onone";
			};
			name = Debug;
		};
		2E81D6362D4D8DCC0057E802 /* Release */ = {
			isa = XCBuildConfiguration;
			buildSettings = {
				ALWAYS_SEARCH_USER_PATHS = NO;
				ASSETCATALOG_COMPILER_GENERATE_SWIFT_ASSET_SYMBOL_EXTENSIONS = YES;
				CLANG_ANALYZER_NONNULL = YES;
				CLANG_ANALYZER_NUMBER_OBJECT_CONVERSION = YES_AGGRESSIVE;
				CLANG_CXX_LANGUAGE_STANDARD = "gnu++20";
				CLANG_ENABLE_MODULES = YES;
				CLANG_ENABLE_OBJC_ARC = YES;
				CLANG_ENABLE_OBJC_WEAK = YES;
				CLANG_WARN_BLOCK_CAPTURE_AUTORELEASING = YES;
				CLANG_WARN_BOOL_CONVERSION = YES;
				CLANG_WARN_COMMA = YES;
				CLANG_WARN_CONSTANT_CONVERSION = YES;
				CLANG_WARN_DEPRECATED_OBJC_IMPLEMENTATIONS = YES;
				CLANG_WARN_DIRECT_OBJC_ISA_USAGE = YES_ERROR;
				CLANG_WARN_DOCUMENTATION_COMMENTS = YES;
				CLANG_WARN_EMPTY_BODY = YES;
				CLANG_WARN_ENUM_CONVERSION = YES;
				CLANG_WARN_INFINITE_RECURSION = YES;
				CLANG_WARN_INT_CONVERSION = YES;
				CLANG_WARN_NON_LITERAL_NULL_CONVERSION = YES;
				CLANG_WARN_OBJC_IMPLICIT_RETAIN_SELF = YES;
				CLANG_WARN_OBJC_LITERAL_CONVERSION = YES;
				CLANG_WARN_OBJC_ROOT_CLASS = YES_ERROR;
				CLANG_WARN_QUOTED_INCLUDE_IN_FRAMEWORK_HEADER = YES;
				CLANG_WARN_RANGE_LOOP_ANALYSIS = YES;
				CLANG_WARN_STRICT_PROTOTYPES = YES;
				CLANG_WARN_SUSPICIOUS_MOVE = YES;
				CLANG_WARN_UNGUARDED_AVAILABILITY = YES_AGGRESSIVE;
				CLANG_WARN_UNREACHABLE_CODE = YES;
				CLANG_WARN__DUPLICATE_METHOD_MATCH = YES;
				COPY_PHASE_STRIP = NO;
				DEBUG_INFORMATION_FORMAT = "dwarf-with-dsym";
				ENABLE_NS_ASSERTIONS = NO;
				ENABLE_STRICT_OBJC_MSGSEND = YES;
				ENABLE_USER_SCRIPT_SANDBOXING = YES;
				GCC_C_LANGUAGE_STANDARD = gnu17;
				GCC_NO_COMMON_BLOCKS = YES;
				GCC_WARN_64_TO_32_BIT_CONVERSION = YES;
				GCC_WARN_ABOUT_RETURN_TYPE = YES_ERROR;
				GCC_WARN_UNDECLARED_SELECTOR = YES;
				GCC_WARN_UNINITIALIZED_AUTOS = YES_AGGRESSIVE;
				GCC_WARN_UNUSED_FUNCTION = YES;
				GCC_WARN_UNUSED_VARIABLE = YES;
				IPHONEOS_DEPLOYMENT_TARGET = 18.2;
				LOCALIZATION_PREFERS_STRING_CATALOGS = YES;
				MTL_ENABLE_DEBUG_INFO = NO;
				MTL_FAST_MATH = YES;
				SDKROOT = iphoneos;
				SWIFT_COMPILATION_MODE = wholemodule;
				VALIDATE_PRODUCT = YES;
			};
			name = Release;
		};
		2E81D6382D4D8DCC0057E802 /* Debug */ = {
			isa = XCBuildConfiguration;
			buildSettings = {
				BUNDLE_LOADER = "$(TEST_HOST)";
				CODE_SIGN_STYLE = Automatic;
				CURRENT_PROJECT_VERSION = 1;
				GENERATE_INFOPLIST_FILE = YES;
				IPHONEOS_DEPLOYMENT_TARGET = 18.2;
				MARKETING_VERSION = 1.0;
				PRODUCT_BUNDLE_IDENTIFIER = com.zepyoorkhechadoorian.iAmVeganTests;
				PRODUCT_NAME = "$(TARGET_NAME)";
				SWIFT_EMIT_LOC_STRINGS = NO;
				SWIFT_VERSION = 5.0;
				TARGETED_DEVICE_FAMILY = "1,2";
				TEST_HOST = "$(BUILT_PRODUCTS_DIR)/iAmVegan.app/$(BUNDLE_EXECUTABLE_FOLDER_PATH)/iAmVegan";
			};
			name = Debug;
		};
		2E81D6392D4D8DCC0057E802 /* Release */ = {
			isa = XCBuildConfiguration;
			buildSettings = {
				BUNDLE_LOADER = "$(TEST_HOST)";
				CODE_SIGN_STYLE = Automatic;
				CURRENT_PROJECT_VERSION = 1;
				GENERATE_INFOPLIST_FILE = YES;
				IPHONEOS_DEPLOYMENT_TARGET = 18.2;
				MARKETING_VERSION = 1.0;
				PRODUCT_BUNDLE_IDENTIFIER = com.zepyoorkhechadoorian.iAmVeganTests;
				PRODUCT_NAME = "$(TARGET_NAME)";
				SWIFT_EMIT_LOC_STRINGS = NO;
				SWIFT_VERSION = 5.0;
				TARGETED_DEVICE_FAMILY = "1,2";
				TEST_HOST = "$(BUILT_PRODUCTS_DIR)/iAmVegan.app/$(BUNDLE_EXECUTABLE_FOLDER_PATH)/iAmVegan";
			};
			name = Release;
		};
		2E81D63B2D4D8DCC0057E802 /* Debug */ = {
			isa = XCBuildConfiguration;
			buildSettings = {
				CODE_SIGN_STYLE = Automatic;
				CURRENT_PROJECT_VERSION = 1;
				GENERATE_INFOPLIST_FILE = YES;
				MARKETING_VERSION = 1.0;
				PRODUCT_BUNDLE_IDENTIFIER = com.zepyoorkhechadoorian.iAmVeganUITests;
				PRODUCT_NAME = "$(TARGET_NAME)";
				SWIFT_EMIT_LOC_STRINGS = NO;
				SWIFT_VERSION = 5.0;
				TARGETED_DEVICE_FAMILY = "1,2";
				TEST_TARGET_NAME = iAmVegan;
			};
			name = Debug;
		};
		2E81D63C2D4D8DCC0057E802 /* Release */ = {
			isa = XCBuildConfiguration;
			buildSettings = {
				CODE_SIGN_STYLE = Automatic;
				CURRENT_PROJECT_VERSION = 1;
				GENERATE_INFOPLIST_FILE = YES;
				MARKETING_VERSION = 1.0;
				PRODUCT_BUNDLE_IDENTIFIER = com.zepyoorkhechadoorian.iAmVeganUITests;
				PRODUCT_NAME = "$(TARGET_NAME)";
				SWIFT_EMIT_LOC_STRINGS = NO;
				SWIFT_VERSION = 5.0;
				TARGETED_DEVICE_FAMILY = "1,2";
				TEST_TARGET_NAME = iAmVegan;
			};
			name = Release;
		};
/* End XCBuildConfiguration section */

/* Begin XCConfigurationList section */
		2E81D6042D4D8DCA0057E802 /* Build configuration list for PBXProject "iAmVegan" */ = {
			isa = XCConfigurationList;
			buildConfigurations = (
				2E81D6352D4D8DCC0057E802 /* Debug */,
				2E81D6362D4D8DCC0057E802 /* Release */,
			);
			defaultConfigurationIsVisible = 0;
			defaultConfigurationName = Release;
		};
		2E81D6322D4D8DCC0057E802 /* Build configuration list for PBXNativeTarget "iAmVegan" */ = {
			isa = XCConfigurationList;
			buildConfigurations = (
				2E81D6332D4D8DCC0057E802 /* Debug */,
				2E81D6342D4D8DCC0057E802 /* Release */,
			);
			defaultConfigurationIsVisible = 0;
			defaultConfigurationName = Release;
		};
		2E81D6372D4D8DCC0057E802 /* Build configuration list for PBXNativeTarget "iAmVeganTests" */ = {
			isa = XCConfigurationList;
			buildConfigurations = (
				2E81D6382D4D8DCC0057E802 /* Debug */,
				2E81D6392D4D8DCC0057E802 /* Release */,
			);
			defaultConfigurationIsVisible = 0;
			defaultConfigurationName = Release;
		};
		2E81D63A2D4D8DCC0057E802 /* Build configuration list for PBXNativeTarget "iAmVeganUITests" */ = {
			isa = XCConfigurationList;
			buildConfigurations = (
				2E81D63B2D4D8DCC0057E802 /* Debug */,
				2E81D63C2D4D8DCC0057E802 /* Release */,
			);
			defaultConfigurationIsVisible = 0;
			defaultConfigurationName = Release;
		};
/* End XCConfigurationList section */
	};
	rootObject = 2E81D6012D4D8DCA0057E802 /* Project object */;
}
